// !$*UTF8*$!
{
	archiveVersion = 1;
	classes = {
	};
	objectVersion = 50;
	objects = {

/* Begin PBXBuildFile section */
		393074A925DD4BD9009E495E /* AppDelegate.swift in Sources */ = {isa = PBXBuildFile; fileRef = 393074A825DD4BD9009E495E /* AppDelegate.swift */; };
		393074AB25DD4BD9009E495E /* SceneDelegate.swift in Sources */ = {isa = PBXBuildFile; fileRef = 393074AA25DD4BD9009E495E /* SceneDelegate.swift */; };
		393074AD25DD4BD9009E495E /* RedditTopListVC.swift in Sources */ = {isa = PBXBuildFile; fileRef = 393074AC25DD4BD9009E495E /* RedditTopListVC.swift */; };
		393074B025DD4BDA009E495E /* Main.storyboard in Resources */ = {isa = PBXBuildFile; fileRef = 393074AE25DD4BDA009E495E /* Main.storyboard */; };
		393074B225DD4BDF009E495E /* Assets.xcassets in Resources */ = {isa = PBXBuildFile; fileRef = 393074B125DD4BDF009E495E /* Assets.xcassets */; };
		393074B525DD4BDF009E495E /* LaunchScreen.storyboard in Resources */ = {isa = PBXBuildFile; fileRef = 393074B325DD4BDF009E495E /* LaunchScreen.storyboard */; };
		393074C225DD4DD3009E495E /* RedditTopModel.swift in Sources */ = {isa = PBXBuildFile; fileRef = 393074C125DD4DD3009E495E /* RedditTopModel.swift */; };
		393074C525DD4DEB009E495E /* URLSession+Ext.swift in Sources */ = {isa = PBXBuildFile; fileRef = 393074C425DD4DEB009E495E /* URLSession+Ext.swift */; };
		393074C825DD5685009E495E /* RedditTopNetworkService.swift in Sources */ = {isa = PBXBuildFile; fileRef = 393074C725DD5685009E495E /* RedditTopNetworkService.swift */; };
		393074CC25DD59E3009E495E /* RedditTopListCell.swift in Sources */ = {isa = PBXBuildFile; fileRef = 393074CB25DD59E3009E495E /* RedditTopListCell.swift */; };
		3930751825DD88EA009E495E /* ImageLoader.swift in Sources */ = {isa = PBXBuildFile; fileRef = 3930751725DD88EA009E495E /* ImageLoader.swift */; };
		3930751B25DD8AC3009E495E /* UIImageView+Ext.swift in Sources */ = {isa = PBXBuildFile; fileRef = 3930751A25DD8AC3009E495E /* UIImageView+Ext.swift */; };
		3930751F25DE90A9009E495E /* Router.swift in Sources */ = {isa = PBXBuildFile; fileRef = 3930751E25DE90A9009E495E /* Router.swift */; };
		3930752325DE9482009E495E /* RedditTopRouter.swift in Sources */ = {isa = PBXBuildFile; fileRef = 3930752225DE9482009E495E /* RedditTopRouter.swift */; };
		3930752825DEAABE009E495E /* AppConstants.swift in Sources */ = {isa = PBXBuildFile; fileRef = 3930752725DEAABE009E495E /* AppConstants.swift */; };
		3930752D25DEB045009E495E /* RedditTopListRequestsManager.swift in Sources */ = {isa = PBXBuildFile; fileRef = 3930752C25DEB045009E495E /* RedditTopListRequestsManager.swift */; };
		3937884725DEB55B006A73BE /* Date+Ext.swift in Sources */ = {isa = PBXBuildFile; fileRef = 3937884625DEB55B006A73BE /* Date+Ext.swift */; };
		3937884C25DEBF18006A73BE /* ImageViewerModalVC.swift in Sources */ = {isa = PBXBuildFile; fileRef = 3937884B25DEBF18006A73BE /* ImageViewerModalVC.swift */; };
/* End PBXBuildFile section */

/* Begin PBXFileReference section */
		393074A525DD4BD9009E495E /* RedditTop.app */ = {isa = PBXFileReference; explicitFileType = wrapper.application; includeInIndex = 0; path = RedditTop.app; sourceTree = BUILT_PRODUCTS_DIR; };
		393074A825DD4BD9009E495E /* AppDelegate.swift */ = {isa = PBXFileReference; lastKnownFileType = sourcecode.swift; path = AppDelegate.swift; sourceTree = "<group>"; };
		393074AA25DD4BD9009E495E /* SceneDelegate.swift */ = {isa = PBXFileReference; lastKnownFileType = sourcecode.swift; path = SceneDelegate.swift; sourceTree = "<group>"; };
		393074AC25DD4BD9009E495E /* RedditTopListVC.swift */ = {isa = PBXFileReference; lastKnownFileType = sourcecode.swift; path = RedditTopListVC.swift; sourceTree = "<group>"; };
		393074AF25DD4BDA009E495E /* Base */ = {isa = PBXFileReference; lastKnownFileType = file.storyboard; name = Base; path = Base.lproj/Main.storyboard; sourceTree = "<group>"; };
		393074B125DD4BDF009E495E /* Assets.xcassets */ = {isa = PBXFileReference; lastKnownFileType = folder.assetcatalog; path = Assets.xcassets; sourceTree = "<group>"; };
		393074B425DD4BDF009E495E /* Base */ = {isa = PBXFileReference; lastKnownFileType = file.storyboard; name = Base; path = Base.lproj/LaunchScreen.storyboard; sourceTree = "<group>"; };
		393074B625DD4BDF009E495E /* Info.plist */ = {isa = PBXFileReference; lastKnownFileType = text.plist.xml; path = Info.plist; sourceTree = "<group>"; };
		393074C125DD4DD3009E495E /* RedditTopModel.swift */ = {isa = PBXFileReference; lastKnownFileType = sourcecode.swift; path = RedditTopModel.swift; sourceTree = "<group>"; };
		393074C425DD4DEB009E495E /* URLSession+Ext.swift */ = {isa = PBXFileReference; lastKnownFileType = sourcecode.swift; path = "URLSession+Ext.swift"; sourceTree = "<group>"; };
		393074C725DD5685009E495E /* RedditTopNetworkService.swift */ = {isa = PBXFileReference; lastKnownFileType = sourcecode.swift; path = RedditTopNetworkService.swift; sourceTree = "<group>"; };
		393074CB25DD59E3009E495E /* RedditTopListCell.swift */ = {isa = PBXFileReference; lastKnownFileType = sourcecode.swift; path = RedditTopListCell.swift; sourceTree = "<group>"; };
		3930751725DD88EA009E495E /* ImageLoader.swift */ = {isa = PBXFileReference; lastKnownFileType = sourcecode.swift; path = ImageLoader.swift; sourceTree = "<group>"; };
		3930751A25DD8AC3009E495E /* UIImageView+Ext.swift */ = {isa = PBXFileReference; lastKnownFileType = sourcecode.swift; path = "UIImageView+Ext.swift"; sourceTree = "<group>"; };
		3930751E25DE90A9009E495E /* Router.swift */ = {isa = PBXFileReference; lastKnownFileType = sourcecode.swift; path = Router.swift; sourceTree = "<group>"; };
		3930752225DE9482009E495E /* RedditTopRouter.swift */ = {isa = PBXFileReference; lastKnownFileType = sourcecode.swift; path = RedditTopRouter.swift; sourceTree = "<group>"; };
		3930752725DEAABE009E495E /* AppConstants.swift */ = {isa = PBXFileReference; lastKnownFileType = sourcecode.swift; path = AppConstants.swift; sourceTree = "<group>"; };
		3930752C25DEB045009E495E /* RedditTopListRequestsManager.swift */ = {isa = PBXFileReference; lastKnownFileType = sourcecode.swift; path = RedditTopListRequestsManager.swift; sourceTree = "<group>"; };
		3937884625DEB55B006A73BE /* Date+Ext.swift */ = {isa = PBXFileReference; lastKnownFileType = sourcecode.swift; path = "Date+Ext.swift"; sourceTree = "<group>"; };
		3937884B25DEBF18006A73BE /* ImageViewerModalVC.swift */ = {isa = PBXFileReference; lastKnownFileType = sourcecode.swift; path = ImageViewerModalVC.swift; sourceTree = "<group>"; };
/* End PBXFileReference section */

/* Begin PBXFrameworksBuildPhase section */
		393074A225DD4BD9009E495E /* Frameworks */ = {
			isa = PBXFrameworksBuildPhase;
			buildActionMask = 2147483647;
			files = (
			);
			runOnlyForDeploymentPostprocessing = 0;
		};
/* End PBXFrameworksBuildPhase section */

/* Begin PBXGroup section */
		3930749C25DD4BD9009E495E = {
			isa = PBXGroup;
			children = (
				393074A725DD4BD9009E495E /* RedditTop */,
				393074A625DD4BD9009E495E /* Products */,
			);
			sourceTree = "<group>";
		};
		393074A625DD4BD9009E495E /* Products */ = {
			isa = PBXGroup;
			children = (
				393074A525DD4BD9009E495E /* RedditTop.app */,
			);
			name = Products;
			sourceTree = "<group>";
		};
		393074A725DD4BD9009E495E /* RedditTop */ = {
			isa = PBXGroup;
			children = (
				393074CA25DD5975009E495E /* TableViewCells */,
				393074C025DD4D3C009E495E /* Extensions */,
				393074BF25DD4D04009E495E /* Controllers */,
				393074BE25DD4CF9009E495E /* Models */,
				393074BD25DD4CEF009E495E /* Network */,
				393074A825DD4BD9009E495E /* AppDelegate.swift */,
				393074AA25DD4BD9009E495E /* SceneDelegate.swift */,
				393074AE25DD4BDA009E495E /* Main.storyboard */,
				393074B125DD4BDF009E495E /* Assets.xcassets */,
				393074B325DD4BDF009E495E /* LaunchScreen.storyboard */,
				393074B625DD4BDF009E495E /* Info.plist */,
				3930752725DEAABE009E495E /* AppConstants.swift */,
			);
			path = RedditTop;
			sourceTree = "<group>";
		};
		393074BD25DD4CEF009E495E /* Network */ = {
			isa = PBXGroup;
			children = (
				393074C725DD5685009E495E /* RedditTopNetworkService.swift */,
				3930751725DD88EA009E495E /* ImageLoader.swift */,
				3930751E25DE90A9009E495E /* Router.swift */,
				3930752225DE9482009E495E /* RedditTopRouter.swift */,
			);
			path = Network;
			sourceTree = "<group>";
		};
		393074BE25DD4CF9009E495E /* Models */ = {
			isa = PBXGroup;
			children = (
				393074C125DD4DD3009E495E /* RedditTopModel.swift */,
			);
			path = Models;
			sourceTree = "<group>";
		};
		393074BF25DD4D04009E495E /* Controllers */ = {
			isa = PBXGroup;
			children = (
				3937884A25DEBEAF006A73BE /* ImageViewerModalVC */,
				3937884925DEBE98006A73BE /* RedditTopList */,
			);
			path = Controllers;
			sourceTree = "<group>";
		};
		393074C025DD4D3C009E495E /* Extensions */ = {
			isa = PBXGroup;
			children = (
				393074C425DD4DEB009E495E /* URLSession+Ext.swift */,
				3930751A25DD8AC3009E495E /* UIImageView+Ext.swift */,
				3937884625DEB55B006A73BE /* Date+Ext.swift */,
			);
			path = Extensions;
			sourceTree = "<group>";
		};
		393074CA25DD5975009E495E /* TableViewCells */ = {
			isa = PBXGroup;
			children = (
				393074CB25DD59E3009E495E /* RedditTopListCell.swift */,
			);
			path = TableViewCells;
			sourceTree = "<group>";
		};
		3937884925DEBE98006A73BE /* RedditTopList */ = {
			isa = PBXGroup;
			children = (
				3930752C25DEB045009E495E /* RedditTopListRequestsManager.swift */,
				393074AC25DD4BD9009E495E /* RedditTopListVC.swift */,
			);
			path = RedditTopList;
			sourceTree = "<group>";
		};
		3937884A25DEBEAF006A73BE /* ImageViewerModalVC */ = {
			isa = PBXGroup;
			children = (
				3937884B25DEBF18006A73BE /* ImageViewerModalVC.swift */,
			);
			path = ImageViewerModalVC;
			sourceTree = "<group>";
		};
/* End PBXGroup section */

/* Begin PBXNativeTarget section */
		393074A425DD4BD9009E495E /* RedditTop */ = {
			isa = PBXNativeTarget;
			buildConfigurationList = 393074B925DD4BDF009E495E /* Build configuration list for PBXNativeTarget "RedditTop" */;
			buildPhases = (
				393074A125DD4BD9009E495E /* Sources */,
				393074A225DD4BD9009E495E /* Frameworks */,
				393074A325DD4BD9009E495E /* Resources */,
			);
			buildRules = (
			);
			dependencies = (
			);
			name = RedditTop;
			productName = RedditTop;
			productReference = 393074A525DD4BD9009E495E /* RedditTop.app */;
			productType = "com.apple.product-type.application";
		};
/* End PBXNativeTarget section */

/* Begin PBXProject section */
		3930749D25DD4BD9009E495E /* Project object */ = {
			isa = PBXProject;
			attributes = {
				LastSwiftUpdateCheck = 1220;
				LastUpgradeCheck = 1220;
				TargetAttributes = {
					393074A425DD4BD9009E495E = {
						CreatedOnToolsVersion = 12.2;
					};
				};
			};
			buildConfigurationList = 393074A025DD4BD9009E495E /* Build configuration list for PBXProject "RedditTop" */;
			compatibilityVersion = "Xcode 9.3";
			developmentRegion = en;
			hasScannedForEncodings = 0;
			knownRegions = (
				en,
				Base,
			);
			mainGroup = 3930749C25DD4BD9009E495E;
			productRefGroup = 393074A625DD4BD9009E495E /* Products */;
			projectDirPath = "";
			projectRoot = "";
			targets = (
				393074A425DD4BD9009E495E /* RedditTop */,
			);
		};
/* End PBXProject section */

/* Begin PBXResourcesBuildPhase section */
		393074A325DD4BD9009E495E /* Resources */ = {
			isa = PBXResourcesBuildPhase;
			buildActionMask = 2147483647;
			files = (
				393074B525DD4BDF009E495E /* LaunchScreen.storyboard in Resources */,
				393074B225DD4BDF009E495E /* Assets.xcassets in Resources */,
				393074B025DD4BDA009E495E /* Main.storyboard in Resources */,
			);
			runOnlyForDeploymentPostprocessing = 0;
		};
/* End PBXResourcesBuildPhase section */

/* Begin PBXSourcesBuildPhase section */
		393074A125DD4BD9009E495E /* Sources */ = {
			isa = PBXSourcesBuildPhase;
			buildActionMask = 2147483647;
			files = (
				393074C825DD5685009E495E /* RedditTopNetworkService.swift in Sources */,
				393074CC25DD59E3009E495E /* RedditTopListCell.swift in Sources */,
				3930751F25DE90A9009E495E /* Router.swift in Sources */,
				393074AD25DD4BD9009E495E /* RedditTopListVC.swift in Sources */,
				3930751B25DD8AC3009E495E /* UIImageView+Ext.swift in Sources */,
				3937884725DEB55B006A73BE /* Date+Ext.swift in Sources */,
				393074A925DD4BD9009E495E /* AppDelegate.swift in Sources */,
				3930752D25DEB045009E495E /* RedditTopListRequestsManager.swift in Sources */,
				3937884C25DEBF18006A73BE /* ImageViewerModalVC.swift in Sources */,
				393074AB25DD4BD9009E495E /* SceneDelegate.swift in Sources */,
				3930752825DEAABE009E495E /* AppConstants.swift in Sources */,
				393074C525DD4DEB009E495E /* URLSession+Ext.swift in Sources */,
				3930751825DD88EA009E495E /* ImageLoader.swift in Sources */,
				3930752325DE9482009E495E /* RedditTopRouter.swift in Sources */,
				393074C225DD4DD3009E495E /* RedditTopModel.swift in Sources */,
			);
			runOnlyForDeploymentPostprocessing = 0;
		};
/* End PBXSourcesBuildPhase section */

/* Begin PBXVariantGroup section */
		393074AE25DD4BDA009E495E /* Main.storyboard */ = {
			isa = PBXVariantGroup;
			children = (
				393074AF25DD4BDA009E495E /* Base */,
			);
			name = Main.storyboard;
			sourceTree = "<group>";
		};
		393074B325DD4BDF009E495E /* LaunchScreen.storyboard */ = {
			isa = PBXVariantGroup;
			children = (
				393074B425DD4BDF009E495E /* Base */,
			);
			name = LaunchScreen.storyboard;
			sourceTree = "<group>";
		};
/* End PBXVariantGroup section */

/* Begin XCBuildConfiguration section */
		393074B725DD4BDF009E495E /* Debug */ = {
			isa = XCBuildConfiguration;
			buildSettings = {
				ALWAYS_SEARCH_USER_PATHS = NO;
				CLANG_ANALYZER_NONNULL = YES;
				CLANG_ANALYZER_NUMBER_OBJECT_CONVERSION = YES_AGGRESSIVE;
				CLANG_CXX_LANGUAGE_STANDARD = "gnu++14";
				CLANG_CXX_LIBRARY = "libc++";
				CLANG_ENABLE_MODULES = YES;
				CLANG_ENABLE_OBJC_ARC = YES;
				CLANG_ENABLE_OBJC_WEAK = YES;
				CLANG_WARN_BLOCK_CAPTURE_AUTORELEASING = YES;
				CLANG_WARN_BOOL_CONVERSION = YES;
				CLANG_WARN_COMMA = YES;
				CLANG_WARN_CONSTANT_CONVERSION = YES;
				CLANG_WARN_DEPRECATED_OBJC_IMPLEMENTATIONS = YES;
				CLANG_WARN_DIRECT_OBJC_ISA_USAGE = YES_ERROR;
				CLANG_WARN_DOCUMENTATION_COMMENTS = YES;
				CLANG_WARN_EMPTY_BODY = YES;
				CLANG_WARN_ENUM_CONVERSION = YES;
				CLANG_WARN_INFINITE_RECURSION = YES;
				CLANG_WARN_INT_CONVERSION = YES;
				CLANG_WARN_NON_LITERAL_NULL_CONVERSION = YES;
				CLANG_WARN_OBJC_IMPLICIT_RETAIN_SELF = YES;
				CLANG_WARN_OBJC_LITERAL_CONVERSION = YES;
				CLANG_WARN_OBJC_ROOT_CLASS = YES_ERROR;
				CLANG_WARN_QUOTED_INCLUDE_IN_FRAMEWORK_HEADER = YES;
				CLANG_WARN_RANGE_LOOP_ANALYSIS = YES;
				CLANG_WARN_STRICT_PROTOTYPES = YES;
				CLANG_WARN_SUSPICIOUS_MOVE = YES;
				CLANG_WARN_UNGUARDED_AVAILABILITY = YES_AGGRESSIVE;
				CLANG_WARN_UNREACHABLE_CODE = YES;
				CLANG_WARN__DUPLICATE_METHOD_MATCH = YES;
				COPY_PHASE_STRIP = NO;
				DEBUG_INFORMATION_FORMAT = dwarf;
				ENABLE_STRICT_OBJC_MSGSEND = YES;
				ENABLE_TESTABILITY = YES;
				GCC_C_LANGUAGE_STANDARD = gnu11;
				GCC_DYNAMIC_NO_PIC = NO;
				GCC_NO_COMMON_BLOCKS = YES;
				GCC_OPTIMIZATION_LEVEL = 0;
				GCC_PREPROCESSOR_DEFINITIONS = (
					"DEBUG=1",
					"$(inherited)",
				);
				GCC_WARN_64_TO_32_BIT_CONVERSION = YES;
				GCC_WARN_ABOUT_RETURN_TYPE = YES_ERROR;
				GCC_WARN_UNDECLARED_SELECTOR = YES;
				GCC_WARN_UNINITIALIZED_AUTOS = YES_AGGRESSIVE;
				GCC_WARN_UNUSED_FUNCTION = YES;
				GCC_WARN_UNUSED_VARIABLE = YES;
				IPHONEOS_DEPLOYMENT_TARGET = 14.2;
				MTL_ENABLE_DEBUG_INFO = INCLUDE_SOURCE;
				MTL_FAST_MATH = YES;
				ONLY_ACTIVE_ARCH = YES;
				SDKROOT = iphoneos;
				SWIFT_ACTIVE_COMPILATION_CONDITIONS = DEBUG;
				SWIFT_OPTIMIZATION_LEVEL = "-Onone";
			};
			name = Debug;
		};
		393074B825DD4BDF009E495E /* Release */ = {
			isa = XCBuildConfiguration;
			buildSettings = {
				ALWAYS_SEARCH_USER_PATHS = NO;
				CLANG_ANALYZER_NONNULL = YES;
				CLANG_ANALYZER_NUMBER_OBJECT_CONVERSION = YES_AGGRESSIVE;
				CLANG_CXX_LANGUAGE_STANDARD = "gnu++14";
				CLANG_CXX_LIBRARY = "libc++";
				CLANG_ENABLE_MODULES = YES;
				CLANG_ENABLE_OBJC_ARC = YES;
				CLANG_ENABLE_OBJC_WEAK = YES;
				CLANG_WARN_BLOCK_CAPTURE_AUTORELEASING = YES;
				CLANG_WARN_BOOL_CONVERSION = YES;
				CLANG_WARN_COMMA = YES;
				CLANG_WARN_CONSTANT_CONVERSION = YES;
				CLANG_WARN_DEPRECATED_OBJC_IMPLEMENTATIONS = YES;
				CLANG_WARN_DIRECT_OBJC_ISA_USAGE = YES_ERROR;
				CLANG_WARN_DOCUMENTATION_COMMENTS = YES;
				CLANG_WARN_EMPTY_BODY = YES;
				CLANG_WARN_ENUM_CONVERSION = YES;
				CLANG_WARN_INFINITE_RECURSION = YES;
				CLANG_WARN_INT_CONVERSION = YES;
				CLANG_WARN_NON_LITERAL_NULL_CONVERSION = YES;
				CLANG_WARN_OBJC_IMPLICIT_RETAIN_SELF = YES;
				CLANG_WARN_OBJC_LITERAL_CONVERSION = YES;
				CLANG_WARN_OBJC_ROOT_CLASS = YES_ERROR;
				CLANG_WARN_QUOTED_INCLUDE_IN_FRAMEWORK_HEADER = YES;
				CLANG_WARN_RANGE_LOOP_ANALYSIS = YES;
				CLANG_WARN_STRICT_PROTOTYPES = YES;
				CLANG_WARN_SUSPICIOUS_MOVE = YES;
				CLANG_WARN_UNGUARDED_AVAILABILITY = YES_AGGRESSIVE;
				CLANG_WARN_UNREACHABLE_CODE = YES;
				CLANG_WARN__DUPLICATE_METHOD_MATCH = YES;
				COPY_PHASE_STRIP = NO;
				DEBUG_INFORMATION_FORMAT = "dwarf-with-dsym";
				ENABLE_NS_ASSERTIONS = NO;
				ENABLE_STRICT_OBJC_MSGSEND = YES;
				GCC_C_LANGUAGE_STANDARD = gnu11;
				GCC_NO_COMMON_BLOCKS = YES;
				GCC_WARN_64_TO_32_BIT_CONVERSION = YES;
				GCC_WARN_ABOUT_RETURN_TYPE = YES_ERROR;
				GCC_WARN_UNDECLARED_SELECTOR = YES;
				GCC_WARN_UNINITIALIZED_AUTOS = YES_AGGRESSIVE;
				GCC_WARN_UNUSED_FUNCTION = YES;
				GCC_WARN_UNUSED_VARIABLE = YES;
				IPHONEOS_DEPLOYMENT_TARGET = 14.2;
				MTL_ENABLE_DEBUG_INFO = NO;
				MTL_FAST_MATH = YES;
				SDKROOT = iphoneos;
				SWIFT_COMPILATION_MODE = wholemodule;
				SWIFT_OPTIMIZATION_LEVEL = "-O";
				VALIDATE_PRODUCT = YES;
			};
			name = Release;
		};
		393074BA25DD4BDF009E495E /* Debug */ = {
			isa = XCBuildConfiguration;
			buildSettings = {
				ASSETCATALOG_COMPILER_APPICON_NAME = AppIcon;
				ASSETCATALOG_COMPILER_GLOBAL_ACCENT_COLOR_NAME = AccentColor;
				CODE_SIGN_STYLE = Automatic;
				DEVELOPMENT_TEAM = 3K6468Q3E8;
				INFOPLIST_FILE = RedditTop/Info.plist;
				LD_RUNPATH_SEARCH_PATHS = (
					"$(inherited)",
					"@executable_path/Frameworks",
				);
				PRODUCT_BUNDLE_IDENTIFIER = com.aorphan.RedditTop;
				PRODUCT_NAME = "$(TARGET_NAME)";
				SWIFT_VERSION = 5.0;
				TARGETED_DEVICE_FAMILY = "1,2";
			};
			name = Debug;
		};
		393074BB25DD4BDF009E495E /* Release */ = {
			isa = XCBuildConfiguration;
			buildSettings = {
				ASSETCATALOG_COMPILER_APPICON_NAME = AppIcon;
				ASSETCATALOG_COMPILER_GLOBAL_ACCENT_COLOR_NAME = AccentColor;
				CODE_SIGN_STYLE = Automatic;
				DEVELOPMENT_TEAM = 3K6468Q3E8;
				INFOPLIST_FILE = RedditTop/Info.plist;
				LD_RUNPATH_SEARCH_PATHS = (
					"$(inherited)",
					"@executable_path/Frameworks",
				);
				PRODUCT_BUNDLE_IDENTIFIER = com.aorphan.RedditTop;
				PRODUCT_NAME = "$(TARGET_NAME)";
				SWIFT_VERSION = 5.0;
				TARGETED_DEVICE_FAMILY = "1,2";
			};
			name = Release;
		};
/* End XCBuildConfiguration section */

/* Begin XCConfigurationList section */
		393074A025DD4BD9009E495E /* Build configuration list for PBXProject "RedditTop" */ = {
			isa = XCConfigurationList;
			buildConfigurations = (
				393074B725DD4BDF009E495E /* Debug */,
				393074B825DD4BDF009E495E /* Release */,
			);
			defaultConfigurationIsVisible = 0;
			defaultConfigurationName = Release;
		};
		393074B925DD4BDF009E495E /* Build configuration list for PBXNativeTarget "RedditTop" */ = {
			isa = XCConfigurationList;
			buildConfigurations = (
				393074BA25DD4BDF009E495E /* Debug */,
				393074BB25DD4BDF009E495E /* Release */,
			);
			defaultConfigurationIsVisible = 0;
			defaultConfigurationName = Release;
		};
/* End XCConfigurationList section */
	};
	rootObject = 3930749D25DD4BD9009E495E /* Project object */;
}
